// !$*UTF8*$!
{
	archiveVersion = 1;
	classes = {
	};
	objectVersion = 50;
	objects = {

/* Begin PBXBuildFile section */
		FDA1BFAE21874C2B00BC83C4 /* panda.png in Resources */ = {isa = PBXBuildFile; fileRef = FDA1BFAD21874C2B00BC83C4 /* panda.png */; };
		FDA76F9D21899D5B0056040E /* SSLoadingViewController.m in Sources */ = {isa = PBXBuildFile; fileRef = FDA76F9C21899D5B0056040E /* SSLoadingViewController.m */; };
		FDA76FA32189ADDB0056040E /* SSAdvertisingData.m in Sources */ = {isa = PBXBuildFile; fileRef = FDA76FA22189ADDB0056040E /* SSAdvertisingData.m */; };
		FDD7CCB221801AF800B0DEA2 /* AppDelegate.m in Sources */ = {isa = PBXBuildFile; fileRef = FDD7CCB121801AF800B0DEA2 /* AppDelegate.m */; };
		FDD7CCB521801AF800B0DEA2 /* SSContentViewController.m in Sources */ = {isa = PBXBuildFile; fileRef = FDD7CCB421801AF800B0DEA2 /* SSContentViewController.m */; };
		FDD7CCB821801AF800B0DEA2 /* Main.storyboard in Resources */ = {isa = PBXBuildFile; fileRef = FDD7CCB621801AF800B0DEA2 /* Main.storyboard */; };
		FDD7CCBA21801AF900B0DEA2 /* Assets.xcassets in Resources */ = {isa = PBXBuildFile; fileRef = FDD7CCB921801AF900B0DEA2 /* Assets.xcassets */; };
		FDD7CCBD21801AF900B0DEA2 /* LaunchScreen.storyboard in Resources */ = {isa = PBXBuildFile; fileRef = FDD7CCBB21801AF900B0DEA2 /* LaunchScreen.storyboard */; };
		FDD7CCC021801AF900B0DEA2 /* main.m in Sources */ = {isa = PBXBuildFile; fileRef = FDD7CCBF21801AF900B0DEA2 /* main.m */; };
		FDD7CCCA21801AF900B0DEA2 /* LearnCoreTextTests.m in Sources */ = {isa = PBXBuildFile; fileRef = FDD7CCC921801AF900B0DEA2 /* LearnCoreTextTests.m */; };
		FDD7CCD521801AF900B0DEA2 /* LearnCoreTextUITests.m in Sources */ = {isa = PBXBuildFile; fileRef = FDD7CCD421801AF900B0DEA2 /* LearnCoreTextUITests.m */; };
		FDD7CCE621801B3500B0DEA2 /* BackViewController.m in Sources */ = {isa = PBXBuildFile; fileRef = FDD7CCE321801B3400B0DEA2 /* BackViewController.m */; };
		FDD7CCEB2180444900B0DEA2 /* SSChapterData.m in Sources */ = {isa = PBXBuildFile; fileRef = FDD7CCEA2180444900B0DEA2 /* SSChapterData.m */; };
		FDD7CCEE2180456A00B0DEA2 /* SSLayoutPageData.m in Sources */ = {isa = PBXBuildFile; fileRef = FDD7CCED2180456A00B0DEA2 /* SSLayoutPageData.m */; };
		FDD7CCF2218048A000B0DEA2 /* SSLayoutManager.m in Sources */ = {isa = PBXBuildFile; fileRef = FDD7CCF1218048A000B0DEA2 /* SSLayoutManager.m */; };
		FDD7CCF5218048BF00B0DEA2 /* SSConfigData.m in Sources */ = {isa = PBXBuildFile; fileRef = FDD7CCF4218048BF00B0DEA2 /* SSConfigData.m */; };
		FDD7CCF82180491700B0DEA2 /* SSTransformManager.m in Sources */ = {isa = PBXBuildFile; fileRef = FDD7CCF72180491700B0DEA2 /* SSTransformManager.m */; };
		FDD7CCFC21804BE600B0DEA2 /* SSPageView.m in Sources */ = {isa = PBXBuildFile; fileRef = FDD7CCFB21804BE600B0DEA2 /* SSPageView.m */; };
		FDD7CD0021804EA700B0DEA2 /* SSPageViewController.m in Sources */ = {isa = PBXBuildFile; fileRef = FDD7CCFF21804EA700B0DEA2 /* SSPageViewController.m */; };
		FDD7CD03218080C100B0DEA2 /* SSDataManager.m in Sources */ = {isa = PBXBuildFile; fileRef = FDD7CD02218080C100B0DEA2 /* SSDataManager.m */; };
		FDD7CD062180817700B0DEA2 /* SSReadingContextData.m in Sources */ = {isa = PBXBuildFile; fileRef = FDD7CD052180817700B0DEA2 /* SSReadingContextData.m */; };
		FDD7CD0921809F1A00B0DEA2 /* SSLayoutChapterData.m in Sources */ = {isa = PBXBuildFile; fileRef = FDD7CD0821809F1A00B0DEA2 /* SSLayoutChapterData.m */; };
		FDD7CD0C2181641200B0DEA2 /* SSPageControllManager.m in Sources */ = {isa = PBXBuildFile; fileRef = FDD7CD0B2181641200B0DEA2 /* SSPageControllManager.m */; };
		FDD7CD0F2182B8ED00B0DEA2 /* SSAdViewController.m in Sources */ = {isa = PBXBuildFile; fileRef = FDD7CD0E2182B8ED00B0DEA2 /* SSAdViewController.m */; };
		FDD7CD1621831F6A00B0DEA2 /* UIView+LYLayout.m in Sources */ = {isa = PBXBuildFile; fileRef = FDD7CD1521831F6A00B0DEA2 /* UIView+LYLayout.m */; };
		FDD7CD3D218341B000B0DEA2 /* SSTabBarViewController.m in Sources */ = {isa = PBXBuildFile; fileRef = FDD7CD3C218341B000B0DEA2 /* SSTabBarViewController.m */; };
		FDD7CD40218342D400B0DEA2 /* BookshelfViewController.m in Sources */ = {isa = PBXBuildFile; fileRef = FDD7CD3F218342D400B0DEA2 /* BookshelfViewController.m */; };
/* End PBXBuildFile section */

/* Begin PBXContainerItemProxy section */
		FDD7CCC621801AF900B0DEA2 /* PBXContainerItemProxy */ = {
			isa = PBXContainerItemProxy;
			containerPortal = FDD7CCA521801AF800B0DEA2 /* Project object */;
			proxyType = 1;
			remoteGlobalIDString = FDD7CCAC21801AF800B0DEA2;
			remoteInfo = LearnCoreText;
		};
		FDD7CCD121801AF900B0DEA2 /* PBXContainerItemProxy */ = {
			isa = PBXContainerItemProxy;
			containerPortal = FDD7CCA521801AF800B0DEA2 /* Project object */;
			proxyType = 1;
			remoteGlobalIDString = FDD7CCAC21801AF800B0DEA2;
			remoteInfo = LearnCoreText;
		};
/* End PBXContainerItemProxy section */

/* Begin PBXFileReference section */
		FDA1BFAD21874C2B00BC83C4 /* panda.png */ = {isa = PBXFileReference; lastKnownFileType = image.png; path = panda.png; sourceTree = "<group>"; };
		FDA76F9A21894C800056040E /* SSCommonMacro.h */ = {isa = PBXFileReference; lastKnownFileType = sourcecode.c.h; path = SSCommonMacro.h; sourceTree = "<group>"; };
		FDA76F9B21899D5B0056040E /* SSLoadingViewController.h */ = {isa = PBXFileReference; lastKnownFileType = sourcecode.c.h; path = SSLoadingViewController.h; sourceTree = "<group>"; };
		FDA76F9C21899D5B0056040E /* SSLoadingViewController.m */ = {isa = PBXFileReference; lastKnownFileType = sourcecode.c.objc; path = SSLoadingViewController.m; sourceTree = "<group>"; };
		FDA76FA12189ADDB0056040E /* SSAdvertisingData.h */ = {isa = PBXFileReference; lastKnownFileType = sourcecode.c.h; path = SSAdvertisingData.h; sourceTree = "<group>"; };
		FDA76FA22189ADDB0056040E /* SSAdvertisingData.m */ = {isa = PBXFileReference; lastKnownFileType = sourcecode.c.objc; path = SSAdvertisingData.m; sourceTree = "<group>"; };
		FDD7CCAD21801AF800B0DEA2 /* LearnCoreText.app */ = {isa = PBXFileReference; explicitFileType = wrapper.application; includeInIndex = 0; path = LearnCoreText.app; sourceTree = BUILT_PRODUCTS_DIR; };
		FDD7CCB021801AF800B0DEA2 /* AppDelegate.h */ = {isa = PBXFileReference; lastKnownFileType = sourcecode.c.h; path = AppDelegate.h; sourceTree = "<group>"; };
		FDD7CCB121801AF800B0DEA2 /* AppDelegate.m */ = {isa = PBXFileReference; lastKnownFileType = sourcecode.c.objc; path = AppDelegate.m; sourceTree = "<group>"; };
		FDD7CCB321801AF800B0DEA2 /* SSContentViewController.h */ = {isa = PBXFileReference; lastKnownFileType = sourcecode.c.h; path = SSContentViewController.h; sourceTree = "<group>"; };
		FDD7CCB421801AF800B0DEA2 /* SSContentViewController.m */ = {isa = PBXFileReference; lastKnownFileType = sourcecode.c.objc; path = SSContentViewController.m; sourceTree = "<group>"; };
		FDD7CCB721801AF800B0DEA2 /* Base */ = {isa = PBXFileReference; lastKnownFileType = file.storyboard; name = Base; path = Base.lproj/Main.storyboard; sourceTree = "<group>"; };
		FDD7CCB921801AF900B0DEA2 /* Assets.xcassets */ = {isa = PBXFileReference; lastKnownFileType = folder.assetcatalog; path = Assets.xcassets; sourceTree = "<group>"; };
		FDD7CCBC21801AF900B0DEA2 /* Base */ = {isa = PBXFileReference; lastKnownFileType = file.storyboard; name = Base; path = Base.lproj/LaunchScreen.storyboard; sourceTree = "<group>"; };
		FDD7CCBE21801AF900B0DEA2 /* Info.plist */ = {isa = PBXFileReference; lastKnownFileType = text.plist.xml; path = Info.plist; sourceTree = "<group>"; };
		FDD7CCBF21801AF900B0DEA2 /* main.m */ = {isa = PBXFileReference; lastKnownFileType = sourcecode.c.objc; path = main.m; sourceTree = "<group>"; };
		FDD7CCC521801AF900B0DEA2 /* LearnCoreTextTests.xctest */ = {isa = PBXFileReference; explicitFileType = wrapper.cfbundle; includeInIndex = 0; path = LearnCoreTextTests.xctest; sourceTree = BUILT_PRODUCTS_DIR; };
		FDD7CCC921801AF900B0DEA2 /* LearnCoreTextTests.m */ = {isa = PBXFileReference; lastKnownFileType = sourcecode.c.objc; path = LearnCoreTextTests.m; sourceTree = "<group>"; };
		FDD7CCCB21801AF900B0DEA2 /* Info.plist */ = {isa = PBXFileReference; lastKnownFileType = text.plist.xml; path = Info.plist; sourceTree = "<group>"; };
		FDD7CCD021801AF900B0DEA2 /* LearnCoreTextUITests.xctest */ = {isa = PBXFileReference; explicitFileType = wrapper.cfbundle; includeInIndex = 0; path = LearnCoreTextUITests.xctest; sourceTree = BUILT_PRODUCTS_DIR; };
		FDD7CCD421801AF900B0DEA2 /* LearnCoreTextUITests.m */ = {isa = PBXFileReference; lastKnownFileType = sourcecode.c.objc; path = LearnCoreTextUITests.m; sourceTree = "<group>"; };
		FDD7CCD621801AF900B0DEA2 /* Info.plist */ = {isa = PBXFileReference; lastKnownFileType = text.plist.xml; path = Info.plist; sourceTree = "<group>"; };
		FDD7CCE321801B3400B0DEA2 /* BackViewController.m */ = {isa = PBXFileReference; fileEncoding = 4; lastKnownFileType = sourcecode.c.objc; path = BackViewController.m; sourceTree = "<group>"; };
		FDD7CCE521801B3400B0DEA2 /* BackViewController.h */ = {isa = PBXFileReference; fileEncoding = 4; lastKnownFileType = sourcecode.c.h; path = BackViewController.h; sourceTree = "<group>"; };
		FDD7CCE92180444900B0DEA2 /* SSChapterData.h */ = {isa = PBXFileReference; lastKnownFileType = sourcecode.c.h; path = SSChapterData.h; sourceTree = "<group>"; };
		FDD7CCEA2180444900B0DEA2 /* SSChapterData.m */ = {isa = PBXFileReference; lastKnownFileType = sourcecode.c.objc; path = SSChapterData.m; sourceTree = "<group>"; };
		FDD7CCEC2180456A00B0DEA2 /* SSLayoutPageData.h */ = {isa = PBXFileReference; lastKnownFileType = sourcecode.c.h; path = SSLayoutPageData.h; sourceTree = "<group>"; };
		FDD7CCED2180456A00B0DEA2 /* SSLayoutPageData.m */ = {isa = PBXFileReference; lastKnownFileType = sourcecode.c.objc; path = SSLayoutPageData.m; sourceTree = "<group>"; };
		FDD7CCF0218048A000B0DEA2 /* SSLayoutManager.h */ = {isa = PBXFileReference; lastKnownFileType = sourcecode.c.h; path = SSLayoutManager.h; sourceTree = "<group>"; };
		FDD7CCF1218048A000B0DEA2 /* SSLayoutManager.m */ = {isa = PBXFileReference; lastKnownFileType = sourcecode.c.objc; path = SSLayoutManager.m; sourceTree = "<group>"; };
		FDD7CCF3218048BF00B0DEA2 /* SSConfigData.h */ = {isa = PBXFileReference; lastKnownFileType = sourcecode.c.h; path = SSConfigData.h; sourceTree = "<group>"; };
		FDD7CCF4218048BF00B0DEA2 /* SSConfigData.m */ = {isa = PBXFileReference; lastKnownFileType = sourcecode.c.objc; path = SSConfigData.m; sourceTree = "<group>"; };
		FDD7CCF62180491700B0DEA2 /* SSTransformManager.h */ = {isa = PBXFileReference; lastKnownFileType = sourcecode.c.h; path = SSTransformManager.h; sourceTree = "<group>"; };
		FDD7CCF72180491700B0DEA2 /* SSTransformManager.m */ = {isa = PBXFileReference; lastKnownFileType = sourcecode.c.objc; path = SSTransformManager.m; sourceTree = "<group>"; };
		FDD7CCFA21804BE600B0DEA2 /* SSPageView.h */ = {isa = PBXFileReference; lastKnownFileType = sourcecode.c.h; path = SSPageView.h; sourceTree = "<group>"; };
		FDD7CCFB21804BE600B0DEA2 /* SSPageView.m */ = {isa = PBXFileReference; lastKnownFileType = sourcecode.c.objc; path = SSPageView.m; sourceTree = "<group>"; };
		FDD7CCFE21804EA700B0DEA2 /* SSPageViewController.h */ = {isa = PBXFileReference; lastKnownFileType = sourcecode.c.h; path = SSPageViewController.h; sourceTree = "<group>"; };
		FDD7CCFF21804EA700B0DEA2 /* SSPageViewController.m */ = {isa = PBXFileReference; lastKnownFileType = sourcecode.c.objc; path = SSPageViewController.m; sourceTree = "<group>"; };
		FDD7CD01218080C100B0DEA2 /* SSDataManager.h */ = {isa = PBXFileReference; lastKnownFileType = sourcecode.c.h; path = SSDataManager.h; sourceTree = "<group>"; };
		FDD7CD02218080C100B0DEA2 /* SSDataManager.m */ = {isa = PBXFileReference; lastKnownFileType = sourcecode.c.objc; path = SSDataManager.m; sourceTree = "<group>"; };
		FDD7CD042180817700B0DEA2 /* SSReadingContextData.h */ = {isa = PBXFileReference; lastKnownFileType = sourcecode.c.h; path = SSReadingContextData.h; sourceTree = "<group>"; };
		FDD7CD052180817700B0DEA2 /* SSReadingContextData.m */ = {isa = PBXFileReference; lastKnownFileType = sourcecode.c.objc; path = SSReadingContextData.m; sourceTree = "<group>"; };
		FDD7CD0721809F1A00B0DEA2 /* SSLayoutChapterData.h */ = {isa = PBXFileReference; lastKnownFileType = sourcecode.c.h; path = SSLayoutChapterData.h; sourceTree = "<group>"; };
		FDD7CD0821809F1A00B0DEA2 /* SSLayoutChapterData.m */ = {isa = PBXFileReference; lastKnownFileType = sourcecode.c.objc; path = SSLayoutChapterData.m; sourceTree = "<group>"; };
		FDD7CD0A2181641200B0DEA2 /* SSPageControllManager.h */ = {isa = PBXFileReference; lastKnownFileType = sourcecode.c.h; path = SSPageControllManager.h; sourceTree = "<group>"; };
		FDD7CD0B2181641200B0DEA2 /* SSPageControllManager.m */ = {isa = PBXFileReference; lastKnownFileType = sourcecode.c.objc; path = SSPageControllManager.m; sourceTree = "<group>"; };
		FDD7CD0D2182B8ED00B0DEA2 /* SSAdViewController.h */ = {isa = PBXFileReference; lastKnownFileType = sourcecode.c.h; path = SSAdViewController.h; sourceTree = "<group>"; };
		FDD7CD0E2182B8ED00B0DEA2 /* SSAdViewController.m */ = {isa = PBXFileReference; lastKnownFileType = sourcecode.c.objc; path = SSAdViewController.m; sourceTree = "<group>"; };
		FDD7CD1421831F6A00B0DEA2 /* UIView+LYLayout.h */ = {isa = PBXFileReference; fileEncoding = 4; lastKnownFileType = sourcecode.c.h; path = "UIView+LYLayout.h"; sourceTree = "<group>"; };
		FDD7CD1521831F6A00B0DEA2 /* UIView+LYLayout.m */ = {isa = PBXFileReference; fileEncoding = 4; lastKnownFileType = sourcecode.c.objc; path = "UIView+LYLayout.m"; sourceTree = "<group>"; };
		FDD7CD1821831FDD00B0DEA2 /* PrefixHeader.pch */ = {isa = PBXFileReference; lastKnownFileType = sourcecode.c.h; path = PrefixHeader.pch; sourceTree = "<group>"; };
		FDD7CD3B218341B000B0DEA2 /* SSTabBarViewController.h */ = {isa = PBXFileReference; lastKnownFileType = sourcecode.c.h; path = SSTabBarViewController.h; sourceTree = "<group>"; };
		FDD7CD3C218341B000B0DEA2 /* SSTabBarViewController.m */ = {isa = PBXFileReference; lastKnownFileType = sourcecode.c.objc; path = SSTabBarViewController.m; sourceTree = "<group>"; };
		FDD7CD3E218342D400B0DEA2 /* BookshelfViewController.h */ = {isa = PBXFileReference; lastKnownFileType = sourcecode.c.h; path = BookshelfViewController.h; sourceTree = "<group>"; };
		FDD7CD3F218342D400B0DEA2 /* BookshelfViewController.m */ = {isa = PBXFileReference; lastKnownFileType = sourcecode.c.objc; path = BookshelfViewController.m; sourceTree = "<group>"; };
/* End PBXFileReference section */

/* Begin PBXFrameworksBuildPhase section */
		FDD7CCAA21801AF800B0DEA2 /* Frameworks */ = {
			isa = PBXFrameworksBuildPhase;
			buildActionMask = 2147483647;
			files = (
			);
			runOnlyForDeploymentPostprocessing = 0;
		};
		FDD7CCC221801AF900B0DEA2 /* Frameworks */ = {
			isa = PBXFrameworksBuildPhase;
			buildActionMask = 2147483647;
			files = (
			);
			runOnlyForDeploymentPostprocessing = 0;
		};
		FDD7CCCD21801AF900B0DEA2 /* Frameworks */ = {
			isa = PBXFrameworksBuildPhase;
			buildActionMask = 2147483647;
			files = (
			);
			runOnlyForDeploymentPostprocessing = 0;
		};
/* End PBXFrameworksBuildPhase section */

/* Begin PBXGroup section */
		FDA76F9E2189AD220056040E /* data */ = {
			isa = PBXGroup;
			children = (
				FDD7CCE92180444900B0DEA2 /* SSChapterData.h */,
				FDD7CCEA2180444900B0DEA2 /* SSChapterData.m */,
				FDA76FA12189ADDB0056040E /* SSAdvertisingData.h */,
				FDA76FA22189ADDB0056040E /* SSAdvertisingData.m */,
			);
			path = data;
			sourceTree = "<group>";
		};
		FDA76F9F2189AD320056040E /* layout */ = {
			isa = PBXGroup;
			children = (
				FDD7CCEC2180456A00B0DEA2 /* SSLayoutPageData.h */,
				FDD7CCED2180456A00B0DEA2 /* SSLayoutPageData.m */,
				FDD7CD0721809F1A00B0DEA2 /* SSLayoutChapterData.h */,
				FDD7CD0821809F1A00B0DEA2 /* SSLayoutChapterData.m */,
			);
			path = layout;
			sourceTree = "<group>";
		};
		FDA76FA02189AD5D0056040E /* reading */ = {
			isa = PBXGroup;
			children = (
				FDD7CCF3218048BF00B0DEA2 /* SSConfigData.h */,
				FDD7CCF4218048BF00B0DEA2 /* SSConfigData.m */,
				FDD7CD042180817700B0DEA2 /* SSReadingContextData.h */,
				FDD7CD052180817700B0DEA2 /* SSReadingContextData.m */,
			);
			path = reading;
			sourceTree = "<group>";
		};
		FDD7CCA421801AF800B0DEA2 = {
			isa = PBXGroup;
			children = (
				FDD7CCAF21801AF800B0DEA2 /* LearnCoreText */,
				FDD7CCC821801AF900B0DEA2 /* LearnCoreTextTests */,
				FDD7CCD321801AF900B0DEA2 /* LearnCoreTextUITests */,
				FDD7CCAE21801AF800B0DEA2 /* Products */,
			);
			sourceTree = "<group>";
		};
		FDD7CCAE21801AF800B0DEA2 /* Products */ = {
			isa = PBXGroup;
			children = (
				FDD7CCAD21801AF800B0DEA2 /* LearnCoreText.app */,
				FDD7CCC521801AF900B0DEA2 /* LearnCoreTextTests.xctest */,
				FDD7CCD021801AF900B0DEA2 /* LearnCoreTextUITests.xctest */,
			);
			name = Products;
			sourceTree = "<group>";
		};
		FDD7CCAF21801AF800B0DEA2 /* LearnCoreText */ = {
			isa = PBXGroup;
			children = (
				FDD7CD1221831F6A00B0DEA2 /* vender */,
				FDD7CCEF2180489600B0DEA2 /* Manager */,
				FDD7CCE8218043ED00B0DEA2 /* DataModel */,
				FDD7CCF921804BC500B0DEA2 /* View */,
				FDD7CCFD21804E8400B0DEA2 /* ViewController */,
				FDD7CCB021801AF800B0DEA2 /* AppDelegate.h */,
				FDD7CCB121801AF800B0DEA2 /* AppDelegate.m */,
				FDD7CD1721831FA100B0DEA2 /* support */,
				FDD7CD3E218342D400B0DEA2 /* BookshelfViewController.h */,
				FDD7CD3F218342D400B0DEA2 /* BookshelfViewController.m */,
				FDD7CD3B218341B000B0DEA2 /* SSTabBarViewController.h */,
				FDD7CD3C218341B000B0DEA2 /* SSTabBarViewController.m */,
				FDD7CCB621801AF800B0DEA2 /* Main.storyboard */,
				FDD7CCB921801AF900B0DEA2 /* Assets.xcassets */,
				FDD7CCBB21801AF900B0DEA2 /* LaunchScreen.storyboard */,
				FDD7CCBE21801AF900B0DEA2 /* Info.plist */,
				FDD7CCBF21801AF900B0DEA2 /* main.m */,
			);
			path = LearnCoreText;
			sourceTree = "<group>";
		};
		FDD7CCC821801AF900B0DEA2 /* LearnCoreTextTests */ = {
			isa = PBXGroup;
			children = (
				FDD7CCC921801AF900B0DEA2 /* LearnCoreTextTests.m */,
				FDD7CCCB21801AF900B0DEA2 /* Info.plist */,
			);
			path = LearnCoreTextTests;
			sourceTree = "<group>";
		};
		FDD7CCD321801AF900B0DEA2 /* LearnCoreTextUITests */ = {
			isa = PBXGroup;
			children = (
				FDD7CCD421801AF900B0DEA2 /* LearnCoreTextUITests.m */,
				FDD7CCD621801AF900B0DEA2 /* Info.plist */,
			);
			path = LearnCoreTextUITests;
			sourceTree = "<group>";
		};
		FDD7CCE8218043ED00B0DEA2 /* DataModel */ = {
			isa = PBXGroup;
			children = (
				FDA76F9E2189AD220056040E /* data */,
				FDA76F9F2189AD320056040E /* layout */,
				FDA76FA02189AD5D0056040E /* reading */,
			);
			path = DataModel;
			sourceTree = "<group>";
		};
		FDD7CCEF2180489600B0DEA2 /* Manager */ = {
			isa = PBXGroup;
			children = (
				FDD7CCF0218048A000B0DEA2 /* SSLayoutManager.h */,
				FDD7CCF1218048A000B0DEA2 /* SSLayoutManager.m */,
				FDD7CCF62180491700B0DEA2 /* SSTransformManager.h */,
				FDD7CCF72180491700B0DEA2 /* SSTransformManager.m */,
				FDD7CD01218080C100B0DEA2 /* SSDataManager.h */,
				FDD7CD02218080C100B0DEA2 /* SSDataManager.m */,
				FDD7CD0A2181641200B0DEA2 /* SSPageControllManager.h */,
				FDD7CD0B2181641200B0DEA2 /* SSPageControllManager.m */,
			);
			path = Manager;
			sourceTree = "<group>";
		};
		FDD7CCF921804BC500B0DEA2 /* View */ = {
			isa = PBXGroup;
			children = (
				FDD7CCFA21804BE600B0DEA2 /* SSPageView.h */,
				FDD7CCFB21804BE600B0DEA2 /* SSPageView.m */,
			);
			path = View;
			sourceTree = "<group>";
		};
		FDD7CCFD21804E8400B0DEA2 /* ViewController */ = {
			isa = PBXGroup;
			children = (
				FDD7CCB321801AF800B0DEA2 /* SSContentViewController.h */,
				FDD7CCB421801AF800B0DEA2 /* SSContentViewController.m */,
				FDD7CCE521801B3400B0DEA2 /* BackViewController.h */,
				FDD7CCE321801B3400B0DEA2 /* BackViewController.m */,
				FDD7CCFE21804EA700B0DEA2 /* SSPageViewController.h */,
				FDD7CCFF21804EA700B0DEA2 /* SSPageViewController.m */,
				FDD7CD0D2182B8ED00B0DEA2 /* SSAdViewController.h */,
				FDD7CD0E2182B8ED00B0DEA2 /* SSAdViewController.m */,
				FDA76F9B21899D5B0056040E /* SSLoadingViewController.h */,
				FDA76F9C21899D5B0056040E /* SSLoadingViewController.m */,
			);
			path = ViewController;
			sourceTree = "<group>";
		};
		FDD7CD1221831F6A00B0DEA2 /* vender */ = {
			isa = PBXGroup;
			children = (
				FDD7CD1321831F6A00B0DEA2 /* view */,
			);
			path = vender;
			sourceTree = "<group>";
		};
		FDD7CD1321831F6A00B0DEA2 /* view */ = {
			isa = PBXGroup;
			children = (
				FDD7CD1421831F6A00B0DEA2 /* UIView+LYLayout.h */,
				FDD7CD1521831F6A00B0DEA2 /* UIView+LYLayout.m */,
			);
			path = view;
			sourceTree = "<group>";
		};
		FDD7CD1721831FA100B0DEA2 /* support */ = {
			isa = PBXGroup;
			children = (
				FDA1BFAD21874C2B00BC83C4 /* panda.png */,
				FDD7CD1821831FDD00B0DEA2 /* PrefixHeader.pch */,
				FDA76F9A21894C800056040E /* SSCommonMacro.h */,
			);
			path = support;
			sourceTree = "<group>";
		};
/* End PBXGroup section */

/* Begin PBXNativeTarget section */
		FDD7CCAC21801AF800B0DEA2 /* LearnCoreText */ = {
			isa = PBXNativeTarget;
			buildConfigurationList = FDD7CCD921801AF900B0DEA2 /* Build configuration list for PBXNativeTarget "LearnCoreText" */;
			buildPhases = (
				FDD7CCA921801AF800B0DEA2 /* Sources */,
				FDD7CCAA21801AF800B0DEA2 /* Frameworks */,
				FDD7CCAB21801AF800B0DEA2 /* Resources */,
			);
			buildRules = (
			);
			dependencies = (
			);
			name = LearnCoreText;
			productName = LearnCoreText;
			productReference = FDD7CCAD21801AF800B0DEA2 /* LearnCoreText.app */;
			productType = "com.apple.product-type.application";
		};
		FDD7CCC421801AF900B0DEA2 /* LearnCoreTextTests */ = {
			isa = PBXNativeTarget;
			buildConfigurationList = FDD7CCDC21801AF900B0DEA2 /* Build configuration list for PBXNativeTarget "LearnCoreTextTests" */;
			buildPhases = (
				FDD7CCC121801AF900B0DEA2 /* Sources */,
				FDD7CCC221801AF900B0DEA2 /* Frameworks */,
				FDD7CCC321801AF900B0DEA2 /* Resources */,
			);
			buildRules = (
			);
			dependencies = (
				FDD7CCC721801AF900B0DEA2 /* PBXTargetDependency */,
			);
			name = LearnCoreTextTests;
			productName = LearnCoreTextTests;
			productReference = FDD7CCC521801AF900B0DEA2 /* LearnCoreTextTests.xctest */;
			productType = "com.apple.product-type.bundle.unit-test";
		};
		FDD7CCCF21801AF900B0DEA2 /* LearnCoreTextUITests */ = {
			isa = PBXNativeTarget;
			buildConfigurationList = FDD7CCDF21801AF900B0DEA2 /* Build configuration list for PBXNativeTarget "LearnCoreTextUITests" */;
			buildPhases = (
				FDD7CCCC21801AF900B0DEA2 /* Sources */,
				FDD7CCCD21801AF900B0DEA2 /* Frameworks */,
				FDD7CCCE21801AF900B0DEA2 /* Resources */,
			);
			buildRules = (
			);
			dependencies = (
				FDD7CCD221801AF900B0DEA2 /* PBXTargetDependency */,
			);
			name = LearnCoreTextUITests;
			productName = LearnCoreTextUITests;
			productReference = FDD7CCD021801AF900B0DEA2 /* LearnCoreTextUITests.xctest */;
			productType = "com.apple.product-type.bundle.ui-testing";
		};
/* End PBXNativeTarget section */

/* Begin PBXProject section */
		FDD7CCA521801AF800B0DEA2 /* Project object */ = {
			isa = PBXProject;
			attributes = {
				LastUpgradeCheck = 1000;
				ORGANIZATIONNAME = loyinglin;
				TargetAttributes = {
					FDD7CCAC21801AF800B0DEA2 = {
						CreatedOnToolsVersion = 10.0;
					};
					FDD7CCC421801AF900B0DEA2 = {
						CreatedOnToolsVersion = 10.0;
						TestTargetID = FDD7CCAC21801AF800B0DEA2;
					};
					FDD7CCCF21801AF900B0DEA2 = {
						CreatedOnToolsVersion = 10.0;
						TestTargetID = FDD7CCAC21801AF800B0DEA2;
					};
				};
			};
			buildConfigurationList = FDD7CCA821801AF800B0DEA2 /* Build configuration list for PBXProject "LearnCoreText" */;
			compatibilityVersion = "Xcode 9.3";
			developmentRegion = en;
			hasScannedForEncodings = 0;
			knownRegions = (
				en,
				Base,
			);
			mainGroup = FDD7CCA421801AF800B0DEA2;
			productRefGroup = FDD7CCAE21801AF800B0DEA2 /* Products */;
			projectDirPath = "";
			projectRoot = "";
			targets = (
				FDD7CCAC21801AF800B0DEA2 /* LearnCoreText */,
				FDD7CCC421801AF900B0DEA2 /* LearnCoreTextTests */,
				FDD7CCCF21801AF900B0DEA2 /* LearnCoreTextUITests */,
			);
		};
/* End PBXProject section */

/* Begin PBXResourcesBuildPhase section */
		FDD7CCAB21801AF800B0DEA2 /* Resources */ = {
			isa = PBXResourcesBuildPhase;
			buildActionMask = 2147483647;
			files = (
				FDA1BFAE21874C2B00BC83C4 /* panda.png in Resources */,
				FDD7CCBD21801AF900B0DEA2 /* LaunchScreen.storyboard in Resources */,
				FDD7CCBA21801AF900B0DEA2 /* Assets.xcassets in Resources */,
				FDD7CCB821801AF800B0DEA2 /* Main.storyboard in Resources */,
			);
			runOnlyForDeploymentPostprocessing = 0;
		};
		FDD7CCC321801AF900B0DEA2 /* Resources */ = {
			isa = PBXResourcesBuildPhase;
			buildActionMask = 2147483647;
			files = (
			);
			runOnlyForDeploymentPostprocessing = 0;
		};
		FDD7CCCE21801AF900B0DEA2 /* Resources */ = {
			isa = PBXResourcesBuildPhase;
			buildActionMask = 2147483647;
			files = (
			);
			runOnlyForDeploymentPostprocessing = 0;
		};
/* End PBXResourcesBuildPhase section */

/* Begin PBXSourcesBuildPhase section */
		FDD7CCA921801AF800B0DEA2 /* Sources */ = {
			isa = PBXSourcesBuildPhase;
			buildActionMask = 2147483647;
			files = (
				FDD7CD0C2181641200B0DEA2 /* SSPageControllManager.m in Sources */,
				FDD7CCF5218048BF00B0DEA2 /* SSConfigData.m in Sources */,
				FDD7CD0921809F1A00B0DEA2 /* SSLayoutChapterData.m in Sources */,
				FDD7CD1621831F6A00B0DEA2 /* UIView+LYLayout.m in Sources */,
				FDD7CCB521801AF800B0DEA2 /* SSContentViewController.m in Sources */,
				FDD7CD062180817700B0DEA2 /* SSReadingContextData.m in Sources */,
				FDD7CD0F2182B8ED00B0DEA2 /* SSAdViewController.m in Sources */,
				FDD7CD0021804EA700B0DEA2 /* SSPageViewController.m in Sources */,
				FDD7CD3D218341B000B0DEA2 /* SSTabBarViewController.m in Sources */,
				FDD7CD03218080C100B0DEA2 /* SSDataManager.m in Sources */,
				FDD7CD40218342D400B0DEA2 /* BookshelfViewController.m in Sources */,
				FDD7CCC021801AF900B0DEA2 /* main.m in Sources */,
				FDD7CCF2218048A000B0DEA2 /* SSLayoutManager.m in Sources */,
				FDD7CCFC21804BE600B0DEA2 /* SSPageView.m in Sources */,
				FDD7CCEE2180456A00B0DEA2 /* SSLayoutPageData.m in Sources */,
				FDA76F9D21899D5B0056040E /* SSLoadingViewController.m in Sources */,
				FDA76FA32189ADDB0056040E /* SSAdvertisingData.m in Sources */,
				FDD7CCB221801AF800B0DEA2 /* AppDelegate.m in Sources */,
				FDD7CCE621801B3500B0DEA2 /* BackViewController.m in Sources */,
				FDD7CCF82180491700B0DEA2 /* SSTransformManager.m in Sources */,
				FDD7CCEB2180444900B0DEA2 /* SSChapterData.m in Sources */,
			);
			runOnlyForDeploymentPostprocessing = 0;
		};
		FDD7CCC121801AF900B0DEA2 /* Sources */ = {
			isa = PBXSourcesBuildPhase;
			buildActionMask = 2147483647;
			files = (
				FDD7CCCA21801AF900B0DEA2 /* LearnCoreTextTests.m in Sources */,
			);
			runOnlyForDeploymentPostprocessing = 0;
		};
		FDD7CCCC21801AF900B0DEA2 /* Sources */ = {
			isa = PBXSourcesBuildPhase;
			buildActionMask = 2147483647;
			files = (
				FDD7CCD521801AF900B0DEA2 /* LearnCoreTextUITests.m in Sources */,
			);
			runOnlyForDeploymentPostprocessing = 0;
		};
/* End PBXSourcesBuildPhase section */

/* Begin PBXTargetDependency section */
		FDD7CCC721801AF900B0DEA2 /* PBXTargetDependency */ = {
			isa = PBXTargetDependency;
			target = FDD7CCAC21801AF800B0DEA2 /* LearnCoreText */;
			targetProxy = FDD7CCC621801AF900B0DEA2 /* PBXContainerItemProxy */;
		};
		FDD7CCD221801AF900B0DEA2 /* PBXTargetDependency */ = {
			isa = PBXTargetDependency;
			target = FDD7CCAC21801AF800B0DEA2 /* LearnCoreText */;
			targetProxy = FDD7CCD121801AF900B0DEA2 /* PBXContainerItemProxy */;
		};
/* End PBXTargetDependency section */

/* Begin PBXVariantGroup section */
		FDD7CCB621801AF800B0DEA2 /* Main.storyboard */ = {
			isa = PBXVariantGroup;
			children = (
				FDD7CCB721801AF800B0DEA2 /* Base */,
			);
			name = Main.storyboard;
			sourceTree = "<group>";
		};
		FDD7CCBB21801AF900B0DEA2 /* LaunchScreen.storyboard */ = {
			isa = PBXVariantGroup;
			children = (
				FDD7CCBC21801AF900B0DEA2 /* Base */,
			);
			name = LaunchScreen.storyboard;
			sourceTree = "<group>";
		};
/* End PBXVariantGroup section */

/* Begin XCBuildConfiguration section */
		FDD7CCD721801AF900B0DEA2 /* Debug */ = {
			isa = XCBuildConfiguration;
			buildSettings = {
				ALWAYS_SEARCH_USER_PATHS = NO;
				CLANG_ANALYZER_NONNULL = YES;
				CLANG_ANALYZER_NUMBER_OBJECT_CONVERSION = YES_AGGRESSIVE;
				CLANG_CXX_LANGUAGE_STANDARD = "gnu++14";
				CLANG_CXX_LIBRARY = "libc++";
				CLANG_ENABLE_MODULES = YES;
				CLANG_ENABLE_OBJC_ARC = YES;
				CLANG_ENABLE_OBJC_WEAK = YES;
				CLANG_WARN_BLOCK_CAPTURE_AUTORELEASING = YES;
				CLANG_WARN_BOOL_CONVERSION = YES;
				CLANG_WARN_COMMA = YES;
				CLANG_WARN_CONSTANT_CONVERSION = YES;
				CLANG_WARN_DEPRECATED_OBJC_IMPLEMENTATIONS = YES;
				CLANG_WARN_DIRECT_OBJC_ISA_USAGE = YES_ERROR;
				CLANG_WARN_DOCUMENTATION_COMMENTS = YES;
				CLANG_WARN_EMPTY_BODY = YES;
				CLANG_WARN_ENUM_CONVERSION = YES;
				CLANG_WARN_INFINITE_RECURSION = YES;
				CLANG_WARN_INT_CONVERSION = YES;
				CLANG_WARN_NON_LITERAL_NULL_CONVERSION = YES;
				CLANG_WARN_OBJC_IMPLICIT_RETAIN_SELF = YES;
				CLANG_WARN_OBJC_LITERAL_CONVERSION = YES;
				CLANG_WARN_OBJC_ROOT_CLASS = YES_ERROR;
				CLANG_WARN_RANGE_LOOP_ANALYSIS = YES;
				CLANG_WARN_STRICT_PROTOTYPES = YES;
				CLANG_WARN_SUSPICIOUS_MOVE = YES;
				CLANG_WARN_UNGUARDED_AVAILABILITY = YES_AGGRESSIVE;
				CLANG_WARN_UNREACHABLE_CODE = YES;
				CLANG_WARN__DUPLICATE_METHOD_MATCH = YES;
				CODE_SIGN_IDENTITY = "iPhone Developer";
				COPY_PHASE_STRIP = NO;
				DEBUG_INFORMATION_FORMAT = dwarf;
				ENABLE_STRICT_OBJC_MSGSEND = YES;
				ENABLE_TESTABILITY = YES;
				GCC_C_LANGUAGE_STANDARD = gnu11;
				GCC_DYNAMIC_NO_PIC = NO;
				GCC_NO_COMMON_BLOCKS = YES;
				GCC_OPTIMIZATION_LEVEL = 0;
				GCC_PREPROCESSOR_DEFINITIONS = (
					"DEBUG=1",
					"$(inherited)",
				);
				GCC_WARN_64_TO_32_BIT_CONVERSION = YES;
				GCC_WARN_ABOUT_RETURN_TYPE = YES_ERROR;
				GCC_WARN_UNDECLARED_SELECTOR = YES;
				GCC_WARN_UNINITIALIZED_AUTOS = YES_AGGRESSIVE;
				GCC_WARN_UNUSED_FUNCTION = YES;
				GCC_WARN_UNUSED_VARIABLE = YES;
				IPHONEOS_DEPLOYMENT_TARGET = 12.0;
				MTL_ENABLE_DEBUG_INFO = INCLUDE_SOURCE;
				MTL_FAST_MATH = YES;
				ONLY_ACTIVE_ARCH = YES;
				SDKROOT = iphoneos;
			};
			name = Debug;
		};
		FDD7CCD821801AF900B0DEA2 /* Release */ = {
			isa = XCBuildConfiguration;
			buildSettings = {
				ALWAYS_SEARCH_USER_PATHS = NO;
				CLANG_ANALYZER_NONNULL = YES;
				CLANG_ANALYZER_NUMBER_OBJECT_CONVERSION = YES_AGGRESSIVE;
				CLANG_CXX_LANGUAGE_STANDARD = "gnu++14";
				CLANG_CXX_LIBRARY = "libc++";
				CLANG_ENABLE_MODULES = YES;
				CLANG_ENABLE_OBJC_ARC = YES;
				CLANG_ENABLE_OBJC_WEAK = YES;
				CLANG_WARN_BLOCK_CAPTURE_AUTORELEASING = YES;
				CLANG_WARN_BOOL_CONVERSION = YES;
				CLANG_WARN_COMMA = YES;
				CLANG_WARN_CONSTANT_CONVERSION = YES;
				CLANG_WARN_DEPRECATED_OBJC_IMPLEMENTATIONS = YES;
				CLANG_WARN_DIRECT_OBJC_ISA_USAGE = YES_ERROR;
				CLANG_WARN_DOCUMENTATION_COMMENTS = YES;
				CLANG_WARN_EMPTY_BODY = YES;
				CLANG_WARN_ENUM_CONVERSION = YES;
				CLANG_WARN_INFINITE_RECURSION = YES;
				CLANG_WARN_INT_CONVERSION = YES;
				CLANG_WARN_NON_LITERAL_NULL_CONVERSION = YES;
				CLANG_WARN_OBJC_IMPLICIT_RETAIN_SELF = YES;
				CLANG_WARN_OBJC_LITERAL_CONVERSION = YES;
				CLANG_WARN_OBJC_ROOT_CLASS = YES_ERROR;
				CLANG_WARN_RANGE_LOOP_ANALYSIS = YES;
				CLANG_WARN_STRICT_PROTOTYPES = YES;
				CLANG_WARN_SUSPICIOUS_MOVE = YES;
				CLANG_WARN_UNGUARDED_AVAILABILITY = YES_AGGRESSIVE;
				CLANG_WARN_UNREACHABLE_CODE = YES;
				CLANG_WARN__DUPLICATE_METHOD_MATCH = YES;
				CODE_SIGN_IDENTITY = "iPhone Developer";
				COPY_PHASE_STRIP = NO;
				DEBUG_INFORMATION_FORMAT = "dwarf-with-dsym";
				ENABLE_NS_ASSERTIONS = NO;
				ENABLE_STRICT_OBJC_MSGSEND = YES;
				GCC_C_LANGUAGE_STANDARD = gnu11;
				GCC_NO_COMMON_BLOCKS = YES;
				GCC_WARN_64_TO_32_BIT_CONVERSION = YES;
				GCC_WARN_ABOUT_RETURN_TYPE = YES_ERROR;
				GCC_WARN_UNDECLARED_SELECTOR = YES;
				GCC_WARN_UNINITIALIZED_AUTOS = YES_AGGRESSIVE;
				GCC_WARN_UNUSED_FUNCTION = YES;
				GCC_WARN_UNUSED_VARIABLE = YES;
				IPHONEOS_DEPLOYMENT_TARGET = 12.0;
				MTL_ENABLE_DEBUG_INFO = NO;
				MTL_FAST_MATH = YES;
				SDKROOT = iphoneos;
				VALIDATE_PRODUCT = YES;
			};
			name = Release;
		};
		FDD7CCDA21801AF900B0DEA2 /* Debug */ = {
			isa = XCBuildConfiguration;
			buildSettings = {
				ASSETCATALOG_COMPILER_APPICON_NAME = AppIcon;
				CODE_SIGN_STYLE = Automatic;
				GCC_PRECOMPILE_PREFIX_HEADER = YES;
				GCC_PREFIX_HEADER = "$(SRCROOT)/LearnCoreText/support/PrefixHeader.pch";
				GCC_SYMBOLS_PRIVATE_EXTERN = YES;
				HEADER_SEARCH_PATHS = "$(SRCROOT)/*";
				INFOPLIST_FILE = LearnCoreText/Info.plist;
				LD_RUNPATH_SEARCH_PATHS = (
					"$(inherited)",
					"@executable_path/Frameworks",
				);
				PRODUCT_BUNDLE_IDENTIFIER = loying.LearnCoreText;
				PRODUCT_NAME = "$(TARGET_NAME)";
				TARGETED_DEVICE_FAMILY = "1,2";
			};
			name = Debug;
		};
		FDD7CCDB21801AF900B0DEA2 /* Release */ = {
			isa = XCBuildConfiguration;
			buildSettings = {
				ASSETCATALOG_COMPILER_APPICON_NAME = AppIcon;
				CODE_SIGN_STYLE = Automatic;
				GCC_PRECOMPILE_PREFIX_HEADER = YES;
				GCC_PREFIX_HEADER = "$(SRCROOT)/LearnCoreText/support/PrefixHeader.pch";
				HEADER_SEARCH_PATHS = "$(SRCROOT)/*";
				INFOPLIST_FILE = LearnCoreText/Info.plist;
				LD_RUNPATH_SEARCH_PATHS = (
					"$(inherited)",
					"@executable_path/Frameworks",
				);
				PRODUCT_BUNDLE_IDENTIFIER = loying.LearnCoreText;
				PRODUCT_NAME = "$(TARGET_NAME)";
				TARGETED_DEVICE_FAMILY = "1,2";
			};
			name = Release;
		};
		FDD7CCDD21801AF900B0DEA2 /* Debug */ = {
			isa = XCBuildConfiguration;
			buildSettings = {
				BUNDLE_LOADER = "$(TEST_HOST)";
				CODE_SIGN_STYLE = Automatic;
				INFOPLIST_FILE = LearnCoreTextTests/Info.plist;
				LD_RUNPATH_SEARCH_PATHS = (
					"$(inherited)",
					"@executable_path/Frameworks",
					"@loader_path/Frameworks",
				);
				PRODUCT_BUNDLE_IDENTIFIER = loying.LearnCoreTextTests;
				PRODUCT_NAME = "$(TARGET_NAME)";
				TARGETED_DEVICE_FAMILY = "1,2";
				TEST_HOST = "$(BUILT_PRODUCTS_DIR)/LearnCoreText.app/LearnCoreText";
			};
			name = Debug;
		};
		FDD7CCDE21801AF900B0DEA2 /* Release */ = {
			isa = XCBuildConfiguration;
			buildSettings = {
				BUNDLE_LOADER = "$(TEST_HOST)";
				CODE_SIGN_STYLE = Automatic;
				INFOPLIST_FILE = LearnCoreTextTests/Info.plist;
				LD_RUNPATH_SEARCH_PATHS = (
					"$(inherited)",
					"@executable_path/Frameworks",
					"@loader_path/Frameworks",
				);
				PRODUCT_BUNDLE_IDENTIFIER = loying.LearnCoreTextTests;
				PRODUCT_NAME = "$(TARGET_NAME)";
				TARGETED_DEVICE_FAMILY = "1,2";
				TEST_HOST = "$(BUILT_PRODUCTS_DIR)/LearnCoreText.app/LearnCoreText";
			};
			name = Release;
		};
		FDD7CCE021801AF900B0DEA2 /* Debug */ = {
			isa = XCBuildConfiguration;
			buildSettings = {
				CODE_SIGN_STYLE = Automatic;
				INFOPLIST_FILE = LearnCoreTextUITests/Info.plist;
				LD_RUNPATH_SEARCH_PATHS = (
					"$(inherited)",
					"@executable_path/Frameworks",
					"@loader_path/Frameworks",
				);
				PRODUCT_BUNDLE_IDENTIFIER = loying.LearnCoreTextUITests;
				PRODUCT_NAME = "$(TARGET_NAME)";
				TARGETED_DEVICE_FAMILY = "1,2";
				TEST_TARGET_NAME = LearnCoreText;
			};
			name = Debug;
		};
		FDD7CCE121801AF900B0DEA2 /* Release */ = {
			isa = XCBuildConfiguration;
			buildSettings = {
				CODE_SIGN_STYLE = Automatic;
				INFOPLIST_FILE = LearnCoreTextUITests/Info.plist;
				LD_RUNPATH_SEARCH_PATHS = (
					"$(inherited)",
					"@executable_path/Frameworks",
					"@loader_path/Frameworks",
				);
				PRODUCT_BUNDLE_IDENTIFIER = loying.LearnCoreTextUITests;
				PRODUCT_NAME = "$(TARGET_NAME)";
				TARGETED_DEVICE_FAMILY = "1,2";
				TEST_TARGET_NAME = LearnCoreText;
			};
			name = Release;
		};
/* End XCBuildConfiguration section */

/* Begin XCConfigurationList section */
		FDD7CCA821801AF800B0DEA2 /* Build configuration list for PBXProject "LearnCoreText" */ = {
			isa = XCConfigurationList;
			buildConfigurations = (
				FDD7CCD721801AF900B0DEA2 /* Debug */,
				FDD7CCD821801AF900B0DEA2 /* Release */,
			);
			defaultConfigurationIsVisible = 0;
			defaultConfigurationName = Release;
		};
		FDD7CCD921801AF900B0DEA2 /* Build configuration list for PBXNativeTarget "LearnCoreText" */ = {
			isa = XCConfigurationList;
			buildConfigurations = (
				FDD7CCDA21801AF900B0DEA2 /* Debug */,
				FDD7CCDB21801AF900B0DEA2 /* Release */,
			);
			defaultConfigurationIsVisible = 0;
			defaultConfigurationName = Release;
		};
		FDD7CCDC21801AF900B0DEA2 /* Build configuration list for PBXNativeTarget "LearnCoreTextTests" */ = {
			isa = XCConfigurationList;
			buildConfigurations = (
				FDD7CCDD21801AF900B0DEA2 /* Debug */,
				FDD7CCDE21801AF900B0DEA2 /* Release */,
			);
			defaultConfigurationIsVisible = 0;
			defaultConfigurationName = Release;
		};
		FDD7CCDF21801AF900B0DEA2 /* Build configuration list for PBXNativeTarget "LearnCoreTextUITests" */ = {
			isa = XCConfigurationList;
			buildConfigurations = (
				FDD7CCE021801AF900B0DEA2 /* Debug */,
				FDD7CCE121801AF900B0DEA2 /* Release */,
			);
			defaultConfigurationIsVisible = 0;
			defaultConfigurationName = Release;
		};
/* End XCConfigurationList section */
	};
	rootObject = FDD7CCA521801AF800B0DEA2 /* Project object */;
}
